
Microsoft Visual Studio Solution File, Format Version 12.00
# Visual Studio 15
VisualStudioVersion = 15.0.26730.15
MinimumVisualStudioVersion = 10.0.40219.1
Project("{9A19103F-16F7-4668-BE54-9A1E7A4F7556}") = "Elemental.JsonResource", "Elemental.JsonResource\Elemental.JsonResource.csproj", "{5AABA80C-8F46-4C6E-A00E-782A183187B1}"
EndProject
Project("{FAE04EC0-301F-11D3-BF4B-00C04F79EFBC}") = "Elemental.JsonResource.Tests", "Elemental.JsonResource.Tests\Elemental.JsonResource.Tests.csproj", "{D2A48684-232E-46CD-BB1E-E2512E42763E}"
EndProject
Global
	GlobalSection(SolutionConfigurationPlatforms) = preSolution
		Debug|Any CPU = Debug|Any CPU
		Release|Any CPU = Release|Any CPU
	EndGlobalSection
	GlobalSection(ProjectConfigurationPlatforms) = postSolution
		{5AABA80C-8F46-4C6E-A00E-782A183187B1}.Debug|Any CPU.ActiveCfg = Debug|Any CPU
		{5AABA80C-8F46-4C6E-A00E-782A183187B1}.Debug|Any CPU.Build.0 = Debug|Any CPU
		{5AABA80C-8F46-4C6E-A00E-782A183187B1}.Release|Any CPU.ActiveCfg = Release|Any CPU
		{5AABA80C-8F46-4C6E-A00E-782A183187B1}.Release|Any CPU.Build.0 = Release|Any CPU
		{D2A48684-232E-46CD-BB1E-E2512E42763E}.Debug|Any CPU.ActiveCfg = Debug|Any CPU
		{D2A48684-232E-46CD-BB1E-E2512E42763E}.Debug|Any CPU.Build.0 = Debug|Any CPU
		{D2A48684-232E-46CD-BB1E-E2512E42763E}.Release|Any CPU.ActiveCfg = Release|Any CPU
		{D2A48684-232E-46CD-BB1E-E2512E42763E}.Release|Any CPU.Build.0 = Release|Any CPU
	EndGlobalSection
	GlobalSection(SolutionProperties) = preSolution
		HideSolutionNode = FALSE
	EndGlobalSection
	GlobalSection(ExtensibilityGlobals) = postSolution
		SolutionGuid = {016C68BE-55DC-422D-A87B-FBBDEC01D3FB}
	EndGlobalSection
EndGlobal
